{
  "name": "metamaskpolice",
  "version": "1.0.0",
  "lockfileVersion": 1,
  "requires": true,
  "dependencies": {
    "@types/node": {
      "version": "17.0.18",
      "resolved": "https://registry.npmjs.org/@types/node/-/node-17.0.18.tgz",
      "integrity": "sha512-eKj4f/BsN/qcculZiRSujogjvp5O/k4lOW5m35NopjZM/QwLOR075a8pJW5hD+Rtdm2DaCVPENS6KtSQnUD6BA=="
    },
    "twitter-api-v2": {
      "version": "1.11.0",
      "resolved": "https://registry.npmjs.org/twitter-api-v2/-/twitter-api-v2-1.11.0.tgz",
      "integrity": "sha512-aCIHKtzhQdKp5fYXCHY6HCfkNc9QAhbJ+zIPGzPCbx8/2UnfmNGIVt9eZqsJP5kj96p9BfXMXsTVhn4nvFsBNA=="
    },
    "typescript": {
      "version": "4.5.5",
      "resolved": "https://registry.npmjs.org/typescript/-/typescript-4.5.5.tgz",
      "integrity": "sha512-TCTIul70LyWe6IJWT8QSYeA54WQe8EjQFU4wY52Fasj5UKx88LNYKCgBEHcOMOrFF1rKGbD8v/xcNWVUq9SymA=="
    }
  }
}
